
Microsoft Visual Studio Solution File, Format Version 12.00
Project("{2150E333-8FDC-42A3-9474-1A3956D46DE8}") = "Business", "Business", "{283429C4-399F-4D5C-8313-019096B0D60C}"
EndProject
Project("{FAE04EC0-301F-11D3-BF4B-00C04F79EFBC}") = "Domain", "src\Domain\Domain.csproj", "{2659057B-A0F4-44F4-977F-AB728FB8E036}"
EndProject
Project("{2150E333-8FDC-42A3-9474-1A3956D46DE8}") = "Data", "Data", "{386C6EFC-F632-4969-9E8C-6232D03104AA}"
EndProject
Project("{FAE04EC0-301F-11D3-BF4B-00C04F79EFBC}") = "Data", "src\Data\Data.csproj", "{963E5F24-8D01-4F3D-BA4B-35AE6440CC2E}"
EndProject
Project("{2150E333-8FDC-42A3-9474-1A3956D46DE8}") = "Presentation", "Presentation", "{DB1B2E15-179C-488B-B534-350B7B9E8CF2}"
EndProject
Project("{FAE04EC0-301F-11D3-BF4B-00C04F79EFBC}") = "Console", "src\Console\Console.csproj", "{871360DC-0DFC-474C-AC5B-A6879140C8D0}"
EndProject
Project("{FAE04EC0-301F-11D3-BF4B-00C04F79EFBC}") = "Data.Migrations", "src\Data.Migrations\Data.Migrations.csproj", "{20BF687D-F3A0-40EC-AECB-E7D7C5DABF3D}"
EndProject
Project("{FAE04EC0-301F-11D3-BF4B-00C04F79EFBC}") = "Api", "src\Api\Api.csproj", "{4044AEE2-D377-4066-AD9F-51A79BCA0B53}"
EndProject
Project("{FAE04EC0-301F-11D3-BF4B-00C04F79EFBC}") = "DependencyInjection.Configurations", "src\DependencyInjection.Configurations\DependencyInjection.Configurations.csproj", "{FED86A98-372C-4B9C-835F-B6D72CE864CE}"
EndProject
Project("{2150E333-8FDC-42A3-9474-1A3956D46DE8}") = "Services", "Services", "{5A5DD33E-4ABF-4C03-9E9E-C89D318E9AA6}"
EndProject
Project("{FAE04EC0-301F-11D3-BF4B-00C04F79EFBC}") = "Services", "src\Services\Services.csproj", "{FB39C172-5A0E-4AAC-B1B9-27CC439C98DC}"
EndProject
Project("{FAE04EC0-301F-11D3-BF4B-00C04F79EFBC}") = "Contracts", "src\Contracts\Contracts.csproj", "{9649C514-1B68-44E0-8F14-385AC21B533D}"
EndProject
Project("{FAE04EC0-301F-11D3-BF4B-00C04F79EFBC}") = "Data.Configurations", "src\Data.Configurations\Data.Configurations.csproj", "{CDF2FFE3-2DC5-48C4-A219-A0EEF8ABDB88}"
EndProject
Project("{FAE04EC0-301F-11D3-BF4B-00C04F79EFBC}") = "Contracts.Validators", "src\Contracts.Validators\Contracts.Validators.csproj", "{2D439B04-AC70-41CF-9179-F893A9582E51}"
EndProject
Global
	GlobalSection(SolutionConfigurationPlatforms) = preSolution
		Debug|Any CPU = Debug|Any CPU
		Release|Any CPU = Release|Any CPU
	EndGlobalSection
	GlobalSection(NestedProjects) = preSolution
		{2659057B-A0F4-44F4-977F-AB728FB8E036} = {283429C4-399F-4D5C-8313-019096B0D60C}
		{963E5F24-8D01-4F3D-BA4B-35AE6440CC2E} = {386C6EFC-F632-4969-9E8C-6232D03104AA}
		{871360DC-0DFC-474C-AC5B-A6879140C8D0} = {DB1B2E15-179C-488B-B534-350B7B9E8CF2}
		{20BF687D-F3A0-40EC-AECB-E7D7C5DABF3D} = {386C6EFC-F632-4969-9E8C-6232D03104AA}
		{4044AEE2-D377-4066-AD9F-51A79BCA0B53} = {DB1B2E15-179C-488B-B534-350B7B9E8CF2}
		{FED86A98-372C-4B9C-835F-B6D72CE864CE} = {DB1B2E15-179C-488B-B534-350B7B9E8CF2}
		{FB39C172-5A0E-4AAC-B1B9-27CC439C98DC} = {5A5DD33E-4ABF-4C03-9E9E-C89D318E9AA6}
		{9649C514-1B68-44E0-8F14-385AC21B533D} = {DB1B2E15-179C-488B-B534-350B7B9E8CF2}
		{CDF2FFE3-2DC5-48C4-A219-A0EEF8ABDB88} = {386C6EFC-F632-4969-9E8C-6232D03104AA}
		{2D439B04-AC70-41CF-9179-F893A9582E51} = {5A5DD33E-4ABF-4C03-9E9E-C89D318E9AA6}
	EndGlobalSection
	GlobalSection(ProjectConfigurationPlatforms) = postSolution
		{2659057B-A0F4-44F4-977F-AB728FB8E036}.Debug|Any CPU.ActiveCfg = Debug|Any CPU
		{2659057B-A0F4-44F4-977F-AB728FB8E036}.Debug|Any CPU.Build.0 = Debug|Any CPU
		{2659057B-A0F4-44F4-977F-AB728FB8E036}.Release|Any CPU.ActiveCfg = Release|Any CPU
		{2659057B-A0F4-44F4-977F-AB728FB8E036}.Release|Any CPU.Build.0 = Release|Any CPU
		{963E5F24-8D01-4F3D-BA4B-35AE6440CC2E}.Debug|Any CPU.ActiveCfg = Debug|Any CPU
		{963E5F24-8D01-4F3D-BA4B-35AE6440CC2E}.Debug|Any CPU.Build.0 = Debug|Any CPU
		{963E5F24-8D01-4F3D-BA4B-35AE6440CC2E}.Release|Any CPU.ActiveCfg = Release|Any CPU
		{963E5F24-8D01-4F3D-BA4B-35AE6440CC2E}.Release|Any CPU.Build.0 = Release|Any CPU
		{871360DC-0DFC-474C-AC5B-A6879140C8D0}.Debug|Any CPU.ActiveCfg = Debug|Any CPU
		{871360DC-0DFC-474C-AC5B-A6879140C8D0}.Debug|Any CPU.Build.0 = Debug|Any CPU
		{871360DC-0DFC-474C-AC5B-A6879140C8D0}.Release|Any CPU.ActiveCfg = Release|Any CPU
		{871360DC-0DFC-474C-AC5B-A6879140C8D0}.Release|Any CPU.Build.0 = Release|Any CPU
		{20BF687D-F3A0-40EC-AECB-E7D7C5DABF3D}.Debug|Any CPU.ActiveCfg = Debug|Any CPU
		{20BF687D-F3A0-40EC-AECB-E7D7C5DABF3D}.Debug|Any CPU.Build.0 = Debug|Any CPU
		{20BF687D-F3A0-40EC-AECB-E7D7C5DABF3D}.Release|Any CPU.ActiveCfg = Release|Any CPU
		{20BF687D-F3A0-40EC-AECB-E7D7C5DABF3D}.Release|Any CPU.Build.0 = Release|Any CPU
		{4044AEE2-D377-4066-AD9F-51A79BCA0B53}.Debug|Any CPU.ActiveCfg = Debug|Any CPU
		{4044AEE2-D377-4066-AD9F-51A79BCA0B53}.Debug|Any CPU.Build.0 = Debug|Any CPU
		{4044AEE2-D377-4066-AD9F-51A79BCA0B53}.Release|Any CPU.ActiveCfg = Release|Any CPU
		{4044AEE2-D377-4066-AD9F-51A79BCA0B53}.Release|Any CPU.Build.0 = Release|Any CPU
		{FED86A98-372C-4B9C-835F-B6D72CE864CE}.Debug|Any CPU.ActiveCfg = Debug|Any CPU
		{FED86A98-372C-4B9C-835F-B6D72CE864CE}.Debug|Any CPU.Build.0 = Debug|Any CPU
		{FED86A98-372C-4B9C-835F-B6D72CE864CE}.Release|Any CPU.ActiveCfg = Release|Any CPU
		{FED86A98-372C-4B9C-835F-B6D72CE864CE}.Release|Any CPU.Build.0 = Release|Any CPU
		{FB39C172-5A0E-4AAC-B1B9-27CC439C98DC}.Debug|Any CPU.ActiveCfg = Debug|Any CPU
		{FB39C172-5A0E-4AAC-B1B9-27CC439C98DC}.Debug|Any CPU.Build.0 = Debug|Any CPU
		{FB39C172-5A0E-4AAC-B1B9-27CC439C98DC}.Release|Any CPU.ActiveCfg = Release|Any CPU
		{FB39C172-5A0E-4AAC-B1B9-27CC439C98DC}.Release|Any CPU.Build.0 = Release|Any CPU
		{9649C514-1B68-44E0-8F14-385AC21B533D}.Debug|Any CPU.ActiveCfg = Debug|Any CPU
		{9649C514-1B68-44E0-8F14-385AC21B533D}.Debug|Any CPU.Build.0 = Debug|Any CPU
		{9649C514-1B68-44E0-8F14-385AC21B533D}.Release|Any CPU.ActiveCfg = Release|Any CPU
		{9649C514-1B68-44E0-8F14-385AC21B533D}.Release|Any CPU.Build.0 = Release|Any CPU
		{CDF2FFE3-2DC5-48C4-A219-A0EEF8ABDB88}.Debug|Any CPU.ActiveCfg = Debug|Any CPU
		{CDF2FFE3-2DC5-48C4-A219-A0EEF8ABDB88}.Debug|Any CPU.Build.0 = Debug|Any CPU
		{CDF2FFE3-2DC5-48C4-A219-A0EEF8ABDB88}.Release|Any CPU.ActiveCfg = Release|Any CPU
		{CDF2FFE3-2DC5-48C4-A219-A0EEF8ABDB88}.Release|Any CPU.Build.0 = Release|Any CPU
		{2D439B04-AC70-41CF-9179-F893A9582E51}.Debug|Any CPU.ActiveCfg = Debug|Any CPU
		{2D439B04-AC70-41CF-9179-F893A9582E51}.Debug|Any CPU.Build.0 = Debug|Any CPU
		{2D439B04-AC70-41CF-9179-F893A9582E51}.Release|Any CPU.ActiveCfg = Release|Any CPU
		{2D439B04-AC70-41CF-9179-F893A9582E51}.Release|Any CPU.Build.0 = Release|Any CPU
	EndGlobalSection
EndGlobal
